
Microsoft Visual Studio Solution File, Format Version 12.00
# Visual Studio Version 17
VisualStudioVersion = 17.7.34031.279
MinimumVisualStudioVersion = 10.0.40219.1
Project("{9A19103F-16F7-4668-BE54-9A1E7A4F7556}") = "webAPI", "webAPI.csproj", "{1DAE0922-05FD-4434-AEA0-A3A51EB15C2F}"
EndProject
Project("{9A19103F-16F7-4668-BE54-9A1E7A4F7556}") = "Entities", "..\Entities\Entities.csproj", "{AAB32849-1BB7-4A07-A9A2-8F5080F0013B}"
EndProject
Project("{9A19103F-16F7-4668-BE54-9A1E7A4F7556}") = "Repositories", "..\Repositories\Repositories.csproj", "{8EE32068-E611-4D42-B5D1-7DA881DD2832}"
EndProject
Project("{9A19103F-16F7-4668-BE54-9A1E7A4F7556}") = "Services", "..\Services\Services.csproj", "{BD665636-4E96-4FF9-BF20-66CB0BF0DAE2}"
EndProject
Project("{FAE04EC0-301F-11D3-BF4B-00C04F79EFBC}") = "Presentations", "..\Presentations\Presentations.csproj", "{99AC4692-AAAB-4F09-800C-168C7DA81236}"
EndProject
Global
	GlobalSection(SolutionConfigurationPlatforms) = preSolution
		Debug|Any CPU = Debug|Any CPU
		Release|Any CPU = Release|Any CPU
	EndGlobalSection
	GlobalSection(ProjectConfigurationPlatforms) = postSolution
		{1DAE0922-05FD-4434-AEA0-A3A51EB15C2F}.Debug|Any CPU.ActiveCfg = Debug|Any CPU
		{1DAE0922-05FD-4434-AEA0-A3A51EB15C2F}.Debug|Any CPU.Build.0 = Debug|Any CPU
		{1DAE0922-05FD-4434-AEA0-A3A51EB15C2F}.Release|Any CPU.ActiveCfg = Release|Any CPU
		{1DAE0922-05FD-4434-AEA0-A3A51EB15C2F}.Release|Any CPU.Build.0 = Release|Any CPU
		{AAB32849-1BB7-4A07-A9A2-8F5080F0013B}.Debug|Any CPU.ActiveCfg = Debug|Any CPU
		{AAB32849-1BB7-4A07-A9A2-8F5080F0013B}.Debug|Any CPU.Build.0 = Debug|Any CPU
		{AAB32849-1BB7-4A07-A9A2-8F5080F0013B}.Release|Any CPU.ActiveCfg = Release|Any CPU
		{AAB32849-1BB7-4A07-A9A2-8F5080F0013B}.Release|Any CPU.Build.0 = Release|Any CPU
		{8EE32068-E611-4D42-B5D1-7DA881DD2832}.Debug|Any CPU.ActiveCfg = Debug|Any CPU
		{8EE32068-E611-4D42-B5D1-7DA881DD2832}.Debug|Any CPU.Build.0 = Debug|Any CPU
		{8EE32068-E611-4D42-B5D1-7DA881DD2832}.Release|Any CPU.ActiveCfg = Release|Any CPU
		{8EE32068-E611-4D42-B5D1-7DA881DD2832}.Release|Any CPU.Build.0 = Release|Any CPU
		{BD665636-4E96-4FF9-BF20-66CB0BF0DAE2}.Debug|Any CPU.ActiveCfg = Debug|Any CPU
		{BD665636-4E96-4FF9-BF20-66CB0BF0DAE2}.Debug|Any CPU.Build.0 = Debug|Any CPU
		{BD665636-4E96-4FF9-BF20-66CB0BF0DAE2}.Release|Any CPU.ActiveCfg = Release|Any CPU
		{BD665636-4E96-4FF9-BF20-66CB0BF0DAE2}.Release|Any CPU.Build.0 = Release|Any CPU
		{99AC4692-AAAB-4F09-800C-168C7DA81236}.Debug|Any CPU.ActiveCfg = Debug|Any CPU
		{99AC4692-AAAB-4F09-800C-168C7DA81236}.Debug|Any CPU.Build.0 = Debug|Any CPU
		{99AC4692-AAAB-4F09-800C-168C7DA81236}.Release|Any CPU.ActiveCfg = Release|Any CPU
		{99AC4692-AAAB-4F09-800C-168C7DA81236}.Release|Any CPU.Build.0 = Release|Any CPU
	EndGlobalSection
	GlobalSection(SolutionProperties) = preSolution
		HideSolutionNode = FALSE
	EndGlobalSection
	GlobalSection(ExtensibilityGlobals) = postSolution
		SolutionGuid = {71FE8FF3-8F53-489F-AF0E-8078CBB7500A}
	EndGlobalSection
EndGlobal
